hash: ad2971d5d25dc3991196d0d669f8db162b7ff2f625952c3195551e0282829268
updated: 2016-10-31T17:19:39.830740798-07:00
imports:
- name: github.com/boltdb/bolt
  version: 4b1ebc1869ad66568b313d0dc410e2be72670dda
  subpackages:
  - '...'
- name: github.com/golang/protobuf
  version: 98fa357170587e470c5f27d3c3ea0947b71eb455
  subpackages:
  - proto
- name: github.com/onsi/ginkgo
  version: a8ccd817611666211fdf6e6a752174a0db8374a8
  subpackages:
  - extensions/table
- name: github.com/onsi/gomega
  version: ff4bc6b6f9f5affa66635cd04d31d2a7ee21ffd6
- name: gopkg.in/yaml.v2
  version: a5b47d31c556af34a302ce5d659e6fea44d90de0
testImports: []
